
Microsoft Visual Studio Solution File, Format Version 12.00
# Visual Studio Version 17
VisualStudioVersion = 17.7.34009.444
MinimumVisualStudioVersion = 10.0.40219.1
Project("{9A19103F-16F7-4668-BE54-9A1E7A4F7556}") = "[1] ThreadStarvationDemo", "ThreadStarvationTests\[1] ThreadStarvationDemo.csproj", "{5FC0FECC-0ED8-4190-B851-49A6423AD48E}"
EndProject
Project("{9A19103F-16F7-4668-BE54-9A1E7A4F7556}") = "ThreadStarvationDemo.SyncWebAPI", "ThreadStarvationDemo.SyncWebAPI\ThreadStarvationDemo.SyncWebAPI.csproj", "{2ECF817E-F434-4F90-9750-C11CE5F797CF}"
EndProject
Project("{9A19103F-16F7-4668-BE54-9A1E7A4F7556}") = "[3] ThreadStarvationDemo.BackgroundNoise", "ThreadStarvationDemo.BackgroundNoise\[3] ThreadStarvationDemo.BackgroundNoise.csproj", "{8853E337-D261-4AA4-96FA-5B2C9CB42C7E}"
EndProject
Project("{9A19103F-16F7-4668-BE54-9A1E7A4F7556}") = "[2] ThreadStarvationDemo.CoreWebAPI", "ThreadStarvationDemo.CoreWebAPI\[2] ThreadStarvationDemo.CoreWebAPI.csproj", "{F95878E6-FDFF-4C4F-9543-A8807132EB0C}"
EndProject
Project("{2150E333-8FDC-42A3-9474-1A3956D46DE8}") = "Solution Items", "Solution Items", "{16E750DB-C7D4-49D2-BF3B-87CFF753F282}"
	ProjectSection(SolutionItems) = preProject
		k6\test.js = k6\test.js
		k6\testWithAsync.js = k6\testWithAsync.js
	EndProjectSection
EndProject
Global
	GlobalSection(SolutionConfigurationPlatforms) = preSolution
		Debug|Any CPU = Debug|Any CPU
		Debug|x64 = Debug|x64
		Release|Any CPU = Release|Any CPU
		Release|x64 = Release|x64
	EndGlobalSection
	GlobalSection(ProjectConfigurationPlatforms) = postSolution
		{5FC0FECC-0ED8-4190-B851-49A6423AD48E}.Debug|Any CPU.ActiveCfg = Debug|Any CPU
		{5FC0FECC-0ED8-4190-B851-49A6423AD48E}.Debug|Any CPU.Build.0 = Debug|Any CPU
		{5FC0FECC-0ED8-4190-B851-49A6423AD48E}.Debug|x64.ActiveCfg = Debug|x64
		{5FC0FECC-0ED8-4190-B851-49A6423AD48E}.Debug|x64.Build.0 = Debug|x64
		{5FC0FECC-0ED8-4190-B851-49A6423AD48E}.Release|Any CPU.ActiveCfg = Release|Any CPU
		{5FC0FECC-0ED8-4190-B851-49A6423AD48E}.Release|Any CPU.Build.0 = Release|Any CPU
		{5FC0FECC-0ED8-4190-B851-49A6423AD48E}.Release|x64.ActiveCfg = Release|x64
		{5FC0FECC-0ED8-4190-B851-49A6423AD48E}.Release|x64.Build.0 = Release|x64
		{2ECF817E-F434-4F90-9750-C11CE5F797CF}.Debug|Any CPU.ActiveCfg = Debug|Any CPU
		{2ECF817E-F434-4F90-9750-C11CE5F797CF}.Debug|Any CPU.Build.0 = Debug|Any CPU
		{2ECF817E-F434-4F90-9750-C11CE5F797CF}.Debug|x64.ActiveCfg = Debug|Any CPU
		{2ECF817E-F434-4F90-9750-C11CE5F797CF}.Debug|x64.Build.0 = Debug|Any CPU
		{2ECF817E-F434-4F90-9750-C11CE5F797CF}.Release|Any CPU.ActiveCfg = Release|Any CPU
		{2ECF817E-F434-4F90-9750-C11CE5F797CF}.Release|Any CPU.Build.0 = Release|Any CPU
		{2ECF817E-F434-4F90-9750-C11CE5F797CF}.Release|x64.ActiveCfg = Release|Any CPU
		{2ECF817E-F434-4F90-9750-C11CE5F797CF}.Release|x64.Build.0 = Release|Any CPU
		{8853E337-D261-4AA4-96FA-5B2C9CB42C7E}.Debug|Any CPU.ActiveCfg = Debug|Any CPU
		{8853E337-D261-4AA4-96FA-5B2C9CB42C7E}.Debug|Any CPU.Build.0 = Debug|Any CPU
		{8853E337-D261-4AA4-96FA-5B2C9CB42C7E}.Debug|x64.ActiveCfg = Debug|Any CPU
		{8853E337-D261-4AA4-96FA-5B2C9CB42C7E}.Debug|x64.Build.0 = Debug|Any CPU
		{8853E337-D261-4AA4-96FA-5B2C9CB42C7E}.Release|Any CPU.ActiveCfg = Release|Any CPU
		{8853E337-D261-4AA4-96FA-5B2C9CB42C7E}.Release|Any CPU.Build.0 = Release|Any CPU
		{8853E337-D261-4AA4-96FA-5B2C9CB42C7E}.Release|x64.ActiveCfg = Release|Any CPU
		{8853E337-D261-4AA4-96FA-5B2C9CB42C7E}.Release|x64.Build.0 = Release|Any CPU
		{F95878E6-FDFF-4C4F-9543-A8807132EB0C}.Debug|Any CPU.ActiveCfg = Debug|Any CPU
		{F95878E6-FDFF-4C4F-9543-A8807132EB0C}.Debug|Any CPU.Build.0 = Debug|Any CPU
		{F95878E6-FDFF-4C4F-9543-A8807132EB0C}.Debug|x64.ActiveCfg = Debug|Any CPU
		{F95878E6-FDFF-4C4F-9543-A8807132EB0C}.Debug|x64.Build.0 = Debug|Any CPU
		{F95878E6-FDFF-4C4F-9543-A8807132EB0C}.Release|Any CPU.ActiveCfg = Release|Any CPU
		{F95878E6-FDFF-4C4F-9543-A8807132EB0C}.Release|Any CPU.Build.0 = Release|Any CPU
		{F95878E6-FDFF-4C4F-9543-A8807132EB0C}.Release|x64.ActiveCfg = Release|Any CPU
		{F95878E6-FDFF-4C4F-9543-A8807132EB0C}.Release|x64.Build.0 = Release|Any CPU
	EndGlobalSection
	GlobalSection(SolutionProperties) = preSolution
		HideSolutionNode = FALSE
	EndGlobalSection
	GlobalSection(ExtensibilityGlobals) = postSolution
		SolutionGuid = {399D2D3D-5D76-427B-8F66-33D13ADBC03E}
	EndGlobalSection
EndGlobal
